
Microsoft Visual Studio Solution File, Format Version 12.00
# Visual Studio Version 17
VisualStudioVersion = 17.8.34330.188
MinimumVisualStudioVersion = 10.0.40219.1
Project("{FAE04EC0-301F-11D3-BF4B-00C04F79EFBC}") = "JenkinsDemo", "JenkinsDemo\JenkinsDemo.csproj", "{51BF7486-40F1-464B-8BD6-F58644F0BF8A}"
EndProject
Project("{FAE04EC0-301F-11D3-BF4B-00C04F79EFBC}") = "FirstTestProject", "FirstTestProject\FirstTestProject.csproj", "{F6E8BD32-1781-4FB1-A996-08CD961B6ABE}"
EndProject
Global
	GlobalSection(SolutionConfigurationPlatforms) = preSolution
		Debug|Any CPU = Debug|Any CPU
		Release|Any CPU = Release|Any CPU
	EndGlobalSection
	GlobalSection(ProjectConfigurationPlatforms) = postSolution
		{51BF7486-40F1-464B-8BD6-F58644F0BF8A}.Debug|Any CPU.ActiveCfg = Debug|Any CPU
		{51BF7486-40F1-464B-8BD6-F58644F0BF8A}.Debug|Any CPU.Build.0 = Debug|Any CPU
		{51BF7486-40F1-464B-8BD6-F58644F0BF8A}.Release|Any CPU.ActiveCfg = Release|Any CPU
		{51BF7486-40F1-464B-8BD6-F58644F0BF8A}.Release|Any CPU.Build.0 = Release|Any CPU
		{F6E8BD32-1781-4FB1-A996-08CD961B6ABE}.Debug|Any CPU.ActiveCfg = Debug|Any CPU
		{F6E8BD32-1781-4FB1-A996-08CD961B6ABE}.Debug|Any CPU.Build.0 = Debug|Any CPU
		{F6E8BD32-1781-4FB1-A996-08CD961B6ABE}.Release|Any CPU.ActiveCfg = Release|Any CPU
		{F6E8BD32-1781-4FB1-A996-08CD961B6ABE}.Release|Any CPU.Build.0 = Release|Any CPU
	EndGlobalSection
	GlobalSection(SolutionProperties) = preSolution
		HideSolutionNode = FALSE
	EndGlobalSection
	GlobalSection(ExtensibilityGlobals) = postSolution
		SolutionGuid = {C9A58379-26DA-4A1C-9F7F-67A939C76348}
	EndGlobalSection
EndGlobal
